
Microsoft Visual Studio Solution File, Format Version 12.00
# Visual Studio Version 17
VisualStudioVersion = 17.5.33530.505
MinimumVisualStudioVersion = 10.0.40219.1
Project("{FAE04EC0-301F-11D3-BF4B-00C04F79EFBC}") = "OnlineCoffeeShop.UI", "OnlineCoffeeShop.UI\OnlineCoffeeShop.UI.csproj", "{5491A66D-CF57-4A4D-8256-8A5DCFB4B359}"
EndProject
Project("{FAE04EC0-301F-11D3-BF4B-00C04F79EFBC}") = "OnlineCoffeeShop.Domain", "OnlineCoffeeShop.Domain\OnlineCoffeeShop.Domain.csproj", "{A1016113-BE4B-4489-B217-9837B9B55D93}"
EndProject
Project("{FAE04EC0-301F-11D3-BF4B-00C04F79EFBC}") = "OnlineCoffeeShop.Infrastructure", "OnlineCoffeeShop.Infrastructure\OnlineCoffeeShop.Infrastructure.csproj", "{BD7BC601-B48D-465A-8235-7923B5E8E3BB}"
EndProject
Project("{FAE04EC0-301F-11D3-BF4B-00C04F79EFBC}") = "OnlineCoffeeShop.Core", "OnlineCoffeeShop.Core\OnlineCoffeeShop.Core.csproj", "{C7DDB3B4-5B32-4F06-AB25-90461720387D}"
EndProject
Project("{FAE04EC0-301F-11D3-BF4B-00C04F79EFBC}") = "OnlineCoffeeShop.ConfigOptions", "OnlineCoffeeShop.ConfigOptions\OnlineCoffeeShop.ConfigOptions.csproj", "{7F001341-5CE9-4892-9762-8ED5EA0DF8C4}"
EndProject
Global
	GlobalSection(SolutionConfigurationPlatforms) = preSolution
		Debug|Any CPU = Debug|Any CPU
		Release|Any CPU = Release|Any CPU
	EndGlobalSection
	GlobalSection(ProjectConfigurationPlatforms) = postSolution
		{5491A66D-CF57-4A4D-8256-8A5DCFB4B359}.Debug|Any CPU.ActiveCfg = Debug|Any CPU
		{5491A66D-CF57-4A4D-8256-8A5DCFB4B359}.Debug|Any CPU.Build.0 = Debug|Any CPU
		{5491A66D-CF57-4A4D-8256-8A5DCFB4B359}.Release|Any CPU.ActiveCfg = Release|Any CPU
		{5491A66D-CF57-4A4D-8256-8A5DCFB4B359}.Release|Any CPU.Build.0 = Release|Any CPU
		{A1016113-BE4B-4489-B217-9837B9B55D93}.Debug|Any CPU.ActiveCfg = Debug|Any CPU
		{A1016113-BE4B-4489-B217-9837B9B55D93}.Debug|Any CPU.Build.0 = Debug|Any CPU
		{A1016113-BE4B-4489-B217-9837B9B55D93}.Release|Any CPU.ActiveCfg = Release|Any CPU
		{A1016113-BE4B-4489-B217-9837B9B55D93}.Release|Any CPU.Build.0 = Release|Any CPU
		{BD7BC601-B48D-465A-8235-7923B5E8E3BB}.Debug|Any CPU.ActiveCfg = Debug|Any CPU
		{BD7BC601-B48D-465A-8235-7923B5E8E3BB}.Debug|Any CPU.Build.0 = Debug|Any CPU
		{BD7BC601-B48D-465A-8235-7923B5E8E3BB}.Release|Any CPU.ActiveCfg = Release|Any CPU
		{BD7BC601-B48D-465A-8235-7923B5E8E3BB}.Release|Any CPU.Build.0 = Release|Any CPU
		{C7DDB3B4-5B32-4F06-AB25-90461720387D}.Debug|Any CPU.ActiveCfg = Debug|Any CPU
		{C7DDB3B4-5B32-4F06-AB25-90461720387D}.Debug|Any CPU.Build.0 = Debug|Any CPU
		{C7DDB3B4-5B32-4F06-AB25-90461720387D}.Release|Any CPU.ActiveCfg = Release|Any CPU
		{C7DDB3B4-5B32-4F06-AB25-90461720387D}.Release|Any CPU.Build.0 = Release|Any CPU
		{7F001341-5CE9-4892-9762-8ED5EA0DF8C4}.Debug|Any CPU.ActiveCfg = Debug|Any CPU
		{7F001341-5CE9-4892-9762-8ED5EA0DF8C4}.Debug|Any CPU.Build.0 = Debug|Any CPU
		{7F001341-5CE9-4892-9762-8ED5EA0DF8C4}.Release|Any CPU.ActiveCfg = Release|Any CPU
		{7F001341-5CE9-4892-9762-8ED5EA0DF8C4}.Release|Any CPU.Build.0 = Release|Any CPU
	EndGlobalSection
	GlobalSection(SolutionProperties) = preSolution
		HideSolutionNode = FALSE
	EndGlobalSection
	GlobalSection(ExtensibilityGlobals) = postSolution
		SolutionGuid = {B0FB2C3C-D4EF-4896-8EEF-77255F45333D}
	EndGlobalSection
EndGlobal
